
Microsoft Visual Studio Solution File, Format Version 12.00
# Visual Studio Version 17
VisualStudioVersion = 17.7.34031.279
MinimumVisualStudioVersion = 10.0.40219.1
Project("{FAE04EC0-301F-11D3-BF4B-00C04F79EFBC}") = "turma11-grupo04", "turma11-grupo04\turma11-grupo04.csproj", "{285EF636-0723-4360-ABD6-53DD9D50354A}"
EndProject
Global
	GlobalSection(SolutionConfigurationPlatforms) = preSolution
		Debug|Any CPU = Debug|Any CPU
		Release|Any CPU = Release|Any CPU
	EndGlobalSection
	GlobalSection(ProjectConfigurationPlatforms) = postSolution
		{285EF636-0723-4360-ABD6-53DD9D50354A}.Debug|Any CPU.ActiveCfg = Debug|Any CPU
		{285EF636-0723-4360-ABD6-53DD9D50354A}.Debug|Any CPU.Build.0 = Debug|Any CPU
		{285EF636-0723-4360-ABD6-53DD9D50354A}.Release|Any CPU.ActiveCfg = Release|Any CPU
		{285EF636-0723-4360-ABD6-53DD9D50354A}.Release|Any CPU.Build.0 = Release|Any CPU
	EndGlobalSection
	GlobalSection(SolutionProperties) = preSolution
		HideSolutionNode = FALSE
	EndGlobalSection
	GlobalSection(ExtensibilityGlobals) = postSolution
		SolutionGuid = {592E445A-C1E5-42D1-8136-7D88A65D0B6A}
	EndGlobalSection
EndGlobal
